
Microsoft Visual Studio Solution File, Format Version 12.00
# Visual Studio Version 17
VisualStudioVersion = 17.5.002.0
MinimumVisualStudioVersion = 10.0.40219.1
Project("{9A19103F-16F7-4668-BE54-9A1E7A4F7556}") = "Reservation.API", "Reservation.API.csproj", "{8625FB02-4F38-43E2-A254-AF6B3D479828}"
EndProject
Global
	GlobalSection(SolutionConfigurationPlatforms) = preSolution
		Debug|Any CPU = Debug|Any CPU
		Release|Any CPU = Release|Any CPU
	EndGlobalSection
	GlobalSection(ProjectConfigurationPlatforms) = postSolution
		{8625FB02-4F38-43E2-A254-AF6B3D479828}.Debug|Any CPU.ActiveCfg = Debug|Any CPU
		{8625FB02-4F38-43E2-A254-AF6B3D479828}.Debug|Any CPU.Build.0 = Debug|Any CPU
		{8625FB02-4F38-43E2-A254-AF6B3D479828}.Release|Any CPU.ActiveCfg = Release|Any CPU
		{8625FB02-4F38-43E2-A254-AF6B3D479828}.Release|Any CPU.Build.0 = Release|Any CPU
	EndGlobalSection
	GlobalSection(SolutionProperties) = preSolution
		HideSolutionNode = FALSE
	EndGlobalSection
	GlobalSection(ExtensibilityGlobals) = postSolution
		SolutionGuid = {D7CA67D5-4A6B-4758-A848-019408486F7B}
	EndGlobalSection
EndGlobal
