
Microsoft Visual Studio Solution File, Format Version 12.00
# Visual Studio Version 17
VisualStudioVersion = 17.10.35201.131
MinimumVisualStudioVersion = 10.0.40219.1
Project("{FAE04EC0-301F-11D3-BF4B-00C04F79EFBC}") = "Reservation.API", "Reservation.API\Reservation.API.csproj", "{DB3B8338-22CD-4E69-82BC-2D6F115A6D33}"
EndProject
Project("{FAE04EC0-301F-11D3-BF4B-00C04F79EFBC}") = "Reservation.Data", "Reservation.Data\Reservation.Data.csproj", "{C5D3415F-6F8F-473D-8081-91D3B16D715F}"
EndProject
Project("{FAE04EC0-301F-11D3-BF4B-00C04F79EFBC}") = "Reservation.Domain", "Reservation.Domain\Reservation.Domain.csproj", "{327AEDFA-EFB4-4F36-B071-F60897DAEFA5}"
EndProject
Project("{FAE04EC0-301F-11D3-BF4B-00C04F79EFBC}") = "Reservation.Identity", "Reservation.Identity\Reservation.Identity.csproj", "{070FD0DB-34EC-4F46-AF94-78D918A9240B}"
EndProject
Project("{FAE04EC0-301F-11D3-BF4B-00C04F79EFBC}") = "Reservation.Application", "Reservation.Application\Reservation.Application.csproj", "{0EFCDDC7-AC57-4072-A615-EFDFDE61CA9B}"
EndProject
Global
	GlobalSection(SolutionConfigurationPlatforms) = preSolution
		Debug|Any CPU = Debug|Any CPU
		Release|Any CPU = Release|Any CPU
	EndGlobalSection
	GlobalSection(ProjectConfigurationPlatforms) = postSolution
		{DB3B8338-22CD-4E69-82BC-2D6F115A6D33}.Debug|Any CPU.ActiveCfg = Debug|Any CPU
		{DB3B8338-22CD-4E69-82BC-2D6F115A6D33}.Debug|Any CPU.Build.0 = Debug|Any CPU
		{DB3B8338-22CD-4E69-82BC-2D6F115A6D33}.Release|Any CPU.ActiveCfg = Release|Any CPU
		{DB3B8338-22CD-4E69-82BC-2D6F115A6D33}.Release|Any CPU.Build.0 = Release|Any CPU
		{C5D3415F-6F8F-473D-8081-91D3B16D715F}.Debug|Any CPU.ActiveCfg = Debug|Any CPU
		{C5D3415F-6F8F-473D-8081-91D3B16D715F}.Debug|Any CPU.Build.0 = Debug|Any CPU
		{C5D3415F-6F8F-473D-8081-91D3B16D715F}.Release|Any CPU.ActiveCfg = Release|Any CPU
		{C5D3415F-6F8F-473D-8081-91D3B16D715F}.Release|Any CPU.Build.0 = Release|Any CPU
		{327AEDFA-EFB4-4F36-B071-F60897DAEFA5}.Debug|Any CPU.ActiveCfg = Debug|Any CPU
		{327AEDFA-EFB4-4F36-B071-F60897DAEFA5}.Debug|Any CPU.Build.0 = Debug|Any CPU
		{327AEDFA-EFB4-4F36-B071-F60897DAEFA5}.Release|Any CPU.ActiveCfg = Release|Any CPU
		{327AEDFA-EFB4-4F36-B071-F60897DAEFA5}.Release|Any CPU.Build.0 = Release|Any CPU
		{070FD0DB-34EC-4F46-AF94-78D918A9240B}.Debug|Any CPU.ActiveCfg = Debug|Any CPU
		{070FD0DB-34EC-4F46-AF94-78D918A9240B}.Debug|Any CPU.Build.0 = Debug|Any CPU
		{070FD0DB-34EC-4F46-AF94-78D918A9240B}.Release|Any CPU.ActiveCfg = Release|Any CPU
		{070FD0DB-34EC-4F46-AF94-78D918A9240B}.Release|Any CPU.Build.0 = Release|Any CPU
		{0EFCDDC7-AC57-4072-A615-EFDFDE61CA9B}.Debug|Any CPU.ActiveCfg = Debug|Any CPU
		{0EFCDDC7-AC57-4072-A615-EFDFDE61CA9B}.Debug|Any CPU.Build.0 = Debug|Any CPU
		{0EFCDDC7-AC57-4072-A615-EFDFDE61CA9B}.Release|Any CPU.ActiveCfg = Release|Any CPU
		{0EFCDDC7-AC57-4072-A615-EFDFDE61CA9B}.Release|Any CPU.Build.0 = Release|Any CPU
	EndGlobalSection
	GlobalSection(SolutionProperties) = preSolution
		HideSolutionNode = FALSE
	EndGlobalSection
	GlobalSection(ExtensibilityGlobals) = postSolution
		SolutionGuid = {E90EAF4D-6144-4301-9FB6-CE44BFC2C1E7}
	EndGlobalSection
EndGlobal
